{
  "requires": true,
  "lockfileVersion": 1,
  "dependencies": {
    "buefy": {
      "version": "0.7.3",
      "resolved": "https://registry.npmjs.org/buefy/-/buefy-0.7.3.tgz",
      "integrity": "sha512-6PHKyDzU9BeExv9w5qcZJkjl9v73RWHeevWDRIZWD5TS4+dbmbzQ6z2EQc0sgbNHYesAgbX2Qd+xu5/KqDMFng==",
      "requires": {
        "bulma": "0.7.4"
      }
    },
    "bulma": {
      "version": "0.7.4",
      "resolved": "https://registry.npmjs.org/bulma/-/bulma-0.7.4.tgz",
      "integrity": "sha512-krG2rP6eAX1WE0sf6O0SC/FUVSOBX4m1PBC2+GKLpb2pX0qanaDqcv9U2nu75egFrsHkI0zdWYuk/oGwoszVWg=="
    }
  }
}
